
Microsoft Visual Studio Solution File, Format Version 12.00
# Visual Studio Version 17
VisualStudioVersion = 17.11.35208.52
MinimumVisualStudioVersion = 10.0.40219.1
Project("{9A19103F-16F7-4668-BE54-9A1E7A4F7556}") = "FruitExample", "FruitExample.csproj", "{A54DC8B6-5E60-4C7E-B3D1-C2E92423A387}"
EndProject
Project("{FAE04EC0-301F-11D3-BF4B-00C04F79EFBC}") = "CorectFruitExample", "..\CorectFruitExample\CorectFruitExample.csproj", "{DE97093E-6995-4EF9-9683-5A156B465248}"
EndProject
Global
	GlobalSection(SolutionConfigurationPlatforms) = preSolution
		Debug|Any CPU = Debug|Any CPU
		Release|Any CPU = Release|Any CPU
	EndGlobalSection
	GlobalSection(ProjectConfigurationPlatforms) = postSolution
		{A54DC8B6-5E60-4C7E-B3D1-C2E92423A387}.Debug|Any CPU.ActiveCfg = Debug|Any CPU
		{A54DC8B6-5E60-4C7E-B3D1-C2E92423A387}.Debug|Any CPU.Build.0 = Debug|Any CPU
		{A54DC8B6-5E60-4C7E-B3D1-C2E92423A387}.Release|Any CPU.ActiveCfg = Release|Any CPU
		{A54DC8B6-5E60-4C7E-B3D1-C2E92423A387}.Release|Any CPU.Build.0 = Release|Any CPU
		{DE97093E-6995-4EF9-9683-5A156B465248}.Debug|Any CPU.ActiveCfg = Debug|Any CPU
		{DE97093E-6995-4EF9-9683-5A156B465248}.Debug|Any CPU.Build.0 = Debug|Any CPU
		{DE97093E-6995-4EF9-9683-5A156B465248}.Release|Any CPU.ActiveCfg = Release|Any CPU
		{DE97093E-6995-4EF9-9683-5A156B465248}.Release|Any CPU.Build.0 = Release|Any CPU
	EndGlobalSection
	GlobalSection(SolutionProperties) = preSolution
		HideSolutionNode = FALSE
	EndGlobalSection
	GlobalSection(ExtensibilityGlobals) = postSolution
		SolutionGuid = {A8AF43E9-A2BD-4DC6-9BE5-16472C171F30}
	EndGlobalSection
EndGlobal
