
Microsoft Visual Studio Solution File, Format Version 12.00
# Visual Studio Version 17
VisualStudioVersion = 17.11.35208.52
MinimumVisualStudioVersion = 10.0.40219.1
Project("{9A19103F-16F7-4668-BE54-9A1E7A4F7556}") = "invoiceApp", "invoiceApp.csproj", "{6110620F-612F-492B-B211-12A3E0C25F22}"
EndProject
Global
	GlobalSection(SolutionConfigurationPlatforms) = preSolution
		Debug|Any CPU = Debug|Any CPU
		Release|Any CPU = Release|Any CPU
	EndGlobalSection
	GlobalSection(ProjectConfigurationPlatforms) = postSolution
		{6110620F-612F-492B-B211-12A3E0C25F22}.Debug|Any CPU.ActiveCfg = Debug|Any CPU
		{6110620F-612F-492B-B211-12A3E0C25F22}.Debug|Any CPU.Build.0 = Debug|Any CPU
		{6110620F-612F-492B-B211-12A3E0C25F22}.Release|Any CPU.ActiveCfg = Release|Any CPU
		{6110620F-612F-492B-B211-12A3E0C25F22}.Release|Any CPU.Build.0 = Release|Any CPU
	EndGlobalSection
	GlobalSection(SolutionProperties) = preSolution
		HideSolutionNode = FALSE
	EndGlobalSection
	GlobalSection(ExtensibilityGlobals) = postSolution
		SolutionGuid = {BFE2DD0A-6F04-416B-8F46-B8A3F5ACD8F3}
	EndGlobalSection
EndGlobal
